
Microsoft Visual Studio Solution File, Format Version 12.00
# Visual Studio Version 17
VisualStudioVersion = 17.8.34408.163
MinimumVisualStudioVersion = 10.0.40219.1
Project("{FAE04EC0-301F-11D3-BF4B-00C04F79EFBC}") = "TurboTelegramBulkUltraApp", "TurboTelegramBulkUltraApp\TurboTelegramBulkUltraApp.csproj", "{743E14A6-137C-478D-B415-2100D9D4ABF6}"
EndProject
Global
	GlobalSection(SolutionConfigurationPlatforms) = preSolution
		Debug|Any CPU = Debug|Any CPU
		Release|Any CPU = Release|Any CPU
	EndGlobalSection
	GlobalSection(ProjectConfigurationPlatforms) = postSolution
		{743E14A6-137C-478D-B415-2100D9D4ABF6}.Debug|Any CPU.ActiveCfg = Debug|Any CPU
		{743E14A6-137C-478D-B415-2100D9D4ABF6}.Debug|Any CPU.Build.0 = Debug|Any CPU
		{743E14A6-137C-478D-B415-2100D9D4ABF6}.Release|Any CPU.ActiveCfg = Release|Any CPU
		{743E14A6-137C-478D-B415-2100D9D4ABF6}.Release|Any CPU.Build.0 = Release|Any CPU
	EndGlobalSection
	GlobalSection(SolutionProperties) = preSolution
		HideSolutionNode = FALSE
	EndGlobalSection
	GlobalSection(ExtensibilityGlobals) = postSolution
		SolutionGuid = {A1412716-66DA-4BBB-B037-141B650FE728}
	EndGlobalSection
EndGlobal
